
Microsoft Visual Studio Solution File, Format Version 12.00
# Visual Studio Version 17
VisualStudioVersion = 17.14.36603.0 d17.14
MinimumVisualStudioVersion = 10.0.40219.1
Project("{FAE04EC0-301F-11D3-BF4B-00C04F79EFBC}") = "Cronograma", "Cronograma\Cronograma.csproj", "{D464CB30-A1BA-4F4B-83F0-22B148200418}"
EndProject
Global
	GlobalSection(SolutionConfigurationPlatforms) = preSolution
		Debug|Any CPU = Debug|Any CPU
		Release|Any CPU = Release|Any CPU
	EndGlobalSection
	GlobalSection(ProjectConfigurationPlatforms) = postSolution
		{D464CB30-A1BA-4F4B-83F0-22B148200418}.Debug|Any CPU.ActiveCfg = Debug|Any CPU
		{D464CB30-A1BA-4F4B-83F0-22B148200418}.Debug|Any CPU.Build.0 = Debug|Any CPU
		{D464CB30-A1BA-4F4B-83F0-22B148200418}.Release|Any CPU.ActiveCfg = Release|Any CPU
		{D464CB30-A1BA-4F4B-83F0-22B148200418}.Release|Any CPU.Build.0 = Release|Any CPU
	EndGlobalSection
	GlobalSection(SolutionProperties) = preSolution
		HideSolutionNode = FALSE
	EndGlobalSection
	GlobalSection(ExtensibilityGlobals) = postSolution
		SolutionGuid = {4797D225-04C0-41A2-B746-C8CC393834C7}
	EndGlobalSection
EndGlobal
